
Microsoft Visual Studio Solution File, Format Version 12.00
# Visual Studio Version 17
VisualStudioVersion = 17.5.33516.290
MinimumVisualStudioVersion = 10.0.40219.1
Project("{FAE04EC0-301F-11D3-BF4B-00C04F79EFBC}") = "DailyTaskApp", "DailyTaskApp\DailyTaskApp.csproj", "{49ED2FC7-9A61-4C0E-B73F-B9F0277CABCE}"
EndProject
Global
	GlobalSection(SolutionConfigurationPlatforms) = preSolution
		Debug|Any CPU = Debug|Any CPU
		Release|Any CPU = Release|Any CPU
	EndGlobalSection
	GlobalSection(ProjectConfigurationPlatforms) = postSolution
		{49ED2FC7-9A61-4C0E-B73F-B9F0277CABCE}.Debug|Any CPU.ActiveCfg = Debug|Any CPU
		{49ED2FC7-9A61-4C0E-B73F-B9F0277CABCE}.Debug|Any CPU.Build.0 = Debug|Any CPU
		{49ED2FC7-9A61-4C0E-B73F-B9F0277CABCE}.Release|Any CPU.ActiveCfg = Release|Any CPU
		{49ED2FC7-9A61-4C0E-B73F-B9F0277CABCE}.Release|Any CPU.Build.0 = Release|Any CPU
	EndGlobalSection
	GlobalSection(SolutionProperties) = preSolution
		HideSolutionNode = FALSE
	EndGlobalSection
	GlobalSection(ExtensibilityGlobals) = postSolution
		SolutionGuid = {926E46C1-9BBC-487B-BF4C-A831406B1754}
	EndGlobalSection
EndGlobal
